schema: '2.0'
stages:
  data_ingestion:
    cmd: python src/data/data_ingestion.py
    deps:
    - path: src/data/data_ingestion.py
      hash: md5
      md5: 4a59bf5ddcc71423d526b6a7be1df1a7
      size: 3417
    params:
      params.yaml:
        data_ingestion.test_size: 0.2
    outs:
    - path: data/raw
      hash: md5
      md5: 126a04fa424205531cb97599af1bbb22.dir
      size: 1321255
      nfiles: 2
  data_preprocessing:
    cmd: python src/data/data_preprocessing.py
    deps:
    - path: data/raw
      hash: md5
      md5: 126a04fa424205531cb97599af1bbb22.dir
      size: 1321255
      nfiles: 2
    - path: src/data/data_preprocessing.py
      hash: md5
      md5: 7d0fc0c1a1fe163e93e63c42d5fdec8d
      size: 3081
    outs:
    - path: data/interim
      hash: md5
      md5: 20c2599ac7de72af9a41a85ec6cf2b29.dir
      size: 832153
      nfiles: 2
  feature_engineering:
    cmd: python src/features/feature_engineering.py
    deps:
    - path: data/interim
      hash: md5
      md5: 20c2599ac7de72af9a41a85ec6cf2b29.dir
      size: 832153
      nfiles: 2
    - path: src/features/feature_engineering.py
      hash: md5
      md5: 9b94d07a05ce6374cd2594ea4c0d5c74
      size: 3585
    params:
      params.yaml:
        feature_engineering.max_features: 40
    outs:
    - path: data/processed
      hash: md5
      md5: bd52a3e74ef2929af64e833dbd9e01af.dir
      size: 83313
      nfiles: 2
    - path: models/vectorizer.pkl
      hash: md5
      md5: 901b24e7c9c2c4b720e31a163662e376
      size: 1439
  model_building:
    cmd: python src/model/model_building.py
    deps:
    - path: data/processed
      hash: md5
      md5: bd52a3e74ef2929af64e833dbd9e01af.dir
      size: 83313
      nfiles: 2
    - path: src/model/model_building.py
      hash: md5
      md5: face0e37da68309cbb7589723cbe06bc
      size: 2011
    outs:
    - path: models/model.pkl
      hash: md5
      md5: f15ba944ffdc8fa2e047d8f058f559a1
      size: 1034
  model_evaluation:
    cmd: python src/model/model_evaluation.py
    deps:
    - path: models/model.pkl
      hash: md5
      md5: f15ba944ffdc8fa2e047d8f058f559a1
      size: 1034
    - path: src/model/model_evaluation.py
      hash: md5
      md5: fc05f07096242a31991c260cfa87a1e4
      size: 5699
    outs:
    - path: reports/experiment_info.json
      hash: md5
      md5: 8d6e228fb03a5e0def2dc3b62c8b1180
      size: 82
    - path: reports/metrics.json
      hash: md5
      md5: 4ced223070df8b9512447720ad5aa3ca
      size: 118
  model_registration:
    cmd: python src/model/register_model.py
    deps:
    - path: reports/experiment_info.json
      hash: md5
      md5: 8d6e228fb03a5e0def2dc3b62c8b1180
      size: 82
    - path: src/model/register_model.py
      hash: md5
      md5: dfa641f21dd415bfe066550094a6c564
      size: 3271
